
Microsoft Visual Studio Solution File, Format Version 12.00
# Visual Studio Version 16
VisualStudioVersion = 16.0.30523.141
MinimumVisualStudioVersion = 10.0.40219.1
Project("{8BC9CEB8-8B4A-11D0-8D11-00A0C91BC942}") = "chap14_test01", "chap14_test01.vcxproj", "{25F5B644-FD22-48C6-98C1-2CFF03F21F69}"
EndProject
Project("{8BC9CEB8-8B4A-11D0-8D11-00A0C91BC942}") = "chap14_test02", "..\chap14_test02\chap14_test02.vcxproj", "{BD349CDF-25FB-40BD-9B98-7213600D845C}"
EndProject
Global
	GlobalSection(SolutionConfigurationPlatforms) = preSolution
		Debug|x64 = Debug|x64
		Debug|x86 = Debug|x86
		Release|x64 = Release|x64
		Release|x86 = Release|x86
	EndGlobalSection
	GlobalSection(ProjectConfigurationPlatforms) = postSolution
		{25F5B644-FD22-48C6-98C1-2CFF03F21F69}.Debug|x64.ActiveCfg = Debug|x64
		{25F5B644-FD22-48C6-98C1-2CFF03F21F69}.Debug|x64.Build.0 = Debug|x64
		{25F5B644-FD22-48C6-98C1-2CFF03F21F69}.Debug|x86.ActiveCfg = Debug|Win32
		{25F5B644-FD22-48C6-98C1-2CFF03F21F69}.Debug|x86.Build.0 = Debug|Win32
		{25F5B644-FD22-48C6-98C1-2CFF03F21F69}.Release|x64.ActiveCfg = Release|x64
		{25F5B644-FD22-48C6-98C1-2CFF03F21F69}.Release|x64.Build.0 = Release|x64
		{25F5B644-FD22-48C6-98C1-2CFF03F21F69}.Release|x86.ActiveCfg = Release|Win32
		{25F5B644-FD22-48C6-98C1-2CFF03F21F69}.Release|x86.Build.0 = Release|Win32
		{BD349CDF-25FB-40BD-9B98-7213600D845C}.Debug|x64.ActiveCfg = Debug|x64
		{BD349CDF-25FB-40BD-9B98-7213600D845C}.Debug|x64.Build.0 = Debug|x64
		{BD349CDF-25FB-40BD-9B98-7213600D845C}.Debug|x86.ActiveCfg = Debug|Win32
		{BD349CDF-25FB-40BD-9B98-7213600D845C}.Debug|x86.Build.0 = Debug|Win32
		{BD349CDF-25FB-40BD-9B98-7213600D845C}.Release|x64.ActiveCfg = Release|x64
		{BD349CDF-25FB-40BD-9B98-7213600D845C}.Release|x64.Build.0 = Release|x64
		{BD349CDF-25FB-40BD-9B98-7213600D845C}.Release|x86.ActiveCfg = Release|Win32
		{BD349CDF-25FB-40BD-9B98-7213600D845C}.Release|x86.Build.0 = Release|Win32
	EndGlobalSection
	GlobalSection(SolutionProperties) = preSolution
		HideSolutionNode = FALSE
	EndGlobalSection
	GlobalSection(ExtensibilityGlobals) = postSolution
		SolutionGuid = {72EA908A-77B9-4D43-A745-13AF2E541CC4}
	EndGlobalSection
EndGlobal
