
Microsoft Visual Studio Solution File, Format Version 12.00
# Visual Studio Version 16
VisualStudioVersion = 16.0.30523.141
MinimumVisualStudioVersion = 10.0.40219.1
Project("{8BC9CEB8-8B4A-11D0-8D11-00A0C91BC942}") = "chap13_test01", "chap13_test01.vcxproj", "{7E7D17A7-DF5F-4524-8A39-A143B8A2F61C}"
EndProject
Project("{8BC9CEB8-8B4A-11D0-8D11-00A0C91BC942}") = "chap13_test02", "..\chap13_test02\chap13_test02.vcxproj", "{DD196C80-5741-4CDD-B010-407130A437B4}"
EndProject
Project("{8BC9CEB8-8B4A-11D0-8D11-00A0C91BC942}") = "chap13_test03", "..\chap13_test03\chap13_test03.vcxproj", "{83C99D64-1FAA-4586-902B-AA7F3E5E2270}"
EndProject
Project("{8BC9CEB8-8B4A-11D0-8D11-00A0C91BC942}") = "chap13_test04", "..\chap13_test04\chap13_test04.vcxproj", "{F8743006-CBB1-4F9E-BDFD-16F5DE16D774}"
EndProject
Project("{8BC9CEB8-8B4A-11D0-8D11-00A0C91BC942}") = "chap13_test05", "..\chap13_test05\chap13_test05.vcxproj", "{B6A2DE3E-4072-49C3-A407-0970DEDD52D3}"
EndProject
Global
	GlobalSection(SolutionConfigurationPlatforms) = preSolution
		Debug|x64 = Debug|x64
		Debug|x86 = Debug|x86
		Release|x64 = Release|x64
		Release|x86 = Release|x86
	EndGlobalSection
	GlobalSection(ProjectConfigurationPlatforms) = postSolution
		{7E7D17A7-DF5F-4524-8A39-A143B8A2F61C}.Debug|x64.ActiveCfg = Debug|x64
		{7E7D17A7-DF5F-4524-8A39-A143B8A2F61C}.Debug|x64.Build.0 = Debug|x64
		{7E7D17A7-DF5F-4524-8A39-A143B8A2F61C}.Debug|x86.ActiveCfg = Debug|Win32
		{7E7D17A7-DF5F-4524-8A39-A143B8A2F61C}.Debug|x86.Build.0 = Debug|Win32
		{7E7D17A7-DF5F-4524-8A39-A143B8A2F61C}.Release|x64.ActiveCfg = Release|x64
		{7E7D17A7-DF5F-4524-8A39-A143B8A2F61C}.Release|x64.Build.0 = Release|x64
		{7E7D17A7-DF5F-4524-8A39-A143B8A2F61C}.Release|x86.ActiveCfg = Release|Win32
		{7E7D17A7-DF5F-4524-8A39-A143B8A2F61C}.Release|x86.Build.0 = Release|Win32
		{DD196C80-5741-4CDD-B010-407130A437B4}.Debug|x64.ActiveCfg = Debug|x64
		{DD196C80-5741-4CDD-B010-407130A437B4}.Debug|x64.Build.0 = Debug|x64
		{DD196C80-5741-4CDD-B010-407130A437B4}.Debug|x86.ActiveCfg = Debug|Win32
		{DD196C80-5741-4CDD-B010-407130A437B4}.Debug|x86.Build.0 = Debug|Win32
		{DD196C80-5741-4CDD-B010-407130A437B4}.Release|x64.ActiveCfg = Release|x64
		{DD196C80-5741-4CDD-B010-407130A437B4}.Release|x64.Build.0 = Release|x64
		{DD196C80-5741-4CDD-B010-407130A437B4}.Release|x86.ActiveCfg = Release|Win32
		{DD196C80-5741-4CDD-B010-407130A437B4}.Release|x86.Build.0 = Release|Win32
		{83C99D64-1FAA-4586-902B-AA7F3E5E2270}.Debug|x64.ActiveCfg = Debug|x64
		{83C99D64-1FAA-4586-902B-AA7F3E5E2270}.Debug|x64.Build.0 = Debug|x64
		{83C99D64-1FAA-4586-902B-AA7F3E5E2270}.Debug|x86.ActiveCfg = Debug|Win32
		{83C99D64-1FAA-4586-902B-AA7F3E5E2270}.Debug|x86.Build.0 = Debug|Win32
		{83C99D64-1FAA-4586-902B-AA7F3E5E2270}.Release|x64.ActiveCfg = Release|x64
		{83C99D64-1FAA-4586-902B-AA7F3E5E2270}.Release|x64.Build.0 = Release|x64
		{83C99D64-1FAA-4586-902B-AA7F3E5E2270}.Release|x86.ActiveCfg = Release|Win32
		{83C99D64-1FAA-4586-902B-AA7F3E5E2270}.Release|x86.Build.0 = Release|Win32
		{F8743006-CBB1-4F9E-BDFD-16F5DE16D774}.Debug|x64.ActiveCfg = Debug|x64
		{F8743006-CBB1-4F9E-BDFD-16F5DE16D774}.Debug|x64.Build.0 = Debug|x64
		{F8743006-CBB1-4F9E-BDFD-16F5DE16D774}.Debug|x86.ActiveCfg = Debug|Win32
		{F8743006-CBB1-4F9E-BDFD-16F5DE16D774}.Debug|x86.Build.0 = Debug|Win32
		{F8743006-CBB1-4F9E-BDFD-16F5DE16D774}.Release|x64.ActiveCfg = Release|x64
		{F8743006-CBB1-4F9E-BDFD-16F5DE16D774}.Release|x64.Build.0 = Release|x64
		{F8743006-CBB1-4F9E-BDFD-16F5DE16D774}.Release|x86.ActiveCfg = Release|Win32
		{F8743006-CBB1-4F9E-BDFD-16F5DE16D774}.Release|x86.Build.0 = Release|Win32
		{B6A2DE3E-4072-49C3-A407-0970DEDD52D3}.Debug|x64.ActiveCfg = Debug|x64
		{B6A2DE3E-4072-49C3-A407-0970DEDD52D3}.Debug|x64.Build.0 = Debug|x64
		{B6A2DE3E-4072-49C3-A407-0970DEDD52D3}.Debug|x86.ActiveCfg = Debug|Win32
		{B6A2DE3E-4072-49C3-A407-0970DEDD52D3}.Debug|x86.Build.0 = Debug|Win32
		{B6A2DE3E-4072-49C3-A407-0970DEDD52D3}.Release|x64.ActiveCfg = Release|x64
		{B6A2DE3E-4072-49C3-A407-0970DEDD52D3}.Release|x64.Build.0 = Release|x64
		{B6A2DE3E-4072-49C3-A407-0970DEDD52D3}.Release|x86.ActiveCfg = Release|Win32
		{B6A2DE3E-4072-49C3-A407-0970DEDD52D3}.Release|x86.Build.0 = Release|Win32
	EndGlobalSection
	GlobalSection(SolutionProperties) = preSolution
		HideSolutionNode = FALSE
	EndGlobalSection
	GlobalSection(ExtensibilityGlobals) = postSolution
		SolutionGuid = {D145AA7A-4FF3-474D-BEC9-D01A1425353D}
	EndGlobalSection
EndGlobal
